
Microsoft Visual Studio Solution File, Format Version 12.00
# Visual Studio Version 17
VisualStudioVersion = 17.6.33829.357
MinimumVisualStudioVersion = 10.0.40219.1
Project("{8BC9CEB8-8B4A-11D0-8D11-00A0C91BC942}") = "Sample00", "Sample00\Sample00.vcxproj", "{4EEE469D-6293-4A25-A87B-9802D42B9DE8}"
EndProject
Project("{8BC9CEB8-8B4A-11D0-8D11-00A0C91BC942}") = "Skeleton", "Skeleton\Skeleton.vcxproj", "{23AB60F2-13C7-472F-AFB9-87398DEC8FE9}"
EndProject
Global
	GlobalSection(SolutionConfigurationPlatforms) = preSolution
		Debug|x64 = Debug|x64
		Debug|x86 = Debug|x86
		Release|x64 = Release|x64
		Release|x86 = Release|x86
	EndGlobalSection
	GlobalSection(ProjectConfigurationPlatforms) = postSolution
		{4EEE469D-6293-4A25-A87B-9802D42B9DE8}.Debug|x64.ActiveCfg = Debug|x64
		{4EEE469D-6293-4A25-A87B-9802D42B9DE8}.Debug|x64.Build.0 = Debug|x64
		{4EEE469D-6293-4A25-A87B-9802D42B9DE8}.Debug|x86.ActiveCfg = Debug|Win32
		{4EEE469D-6293-4A25-A87B-9802D42B9DE8}.Debug|x86.Build.0 = Debug|Win32
		{4EEE469D-6293-4A25-A87B-9802D42B9DE8}.Release|x64.ActiveCfg = Release|x64
		{4EEE469D-6293-4A25-A87B-9802D42B9DE8}.Release|x64.Build.0 = Release|x64
		{4EEE469D-6293-4A25-A87B-9802D42B9DE8}.Release|x86.ActiveCfg = Release|Win32
		{4EEE469D-6293-4A25-A87B-9802D42B9DE8}.Release|x86.Build.0 = Release|Win32
		{23AB60F2-13C7-472F-AFB9-87398DEC8FE9}.Debug|x64.ActiveCfg = Debug|x64
		{23AB60F2-13C7-472F-AFB9-87398DEC8FE9}.Debug|x64.Build.0 = Debug|x64
		{23AB60F2-13C7-472F-AFB9-87398DEC8FE9}.Debug|x86.ActiveCfg = Debug|Win32
		{23AB60F2-13C7-472F-AFB9-87398DEC8FE9}.Debug|x86.Build.0 = Debug|Win32
		{23AB60F2-13C7-472F-AFB9-87398DEC8FE9}.Release|x64.ActiveCfg = Release|x64
		{23AB60F2-13C7-472F-AFB9-87398DEC8FE9}.Release|x64.Build.0 = Release|x64
		{23AB60F2-13C7-472F-AFB9-87398DEC8FE9}.Release|x86.ActiveCfg = Release|Win32
		{23AB60F2-13C7-472F-AFB9-87398DEC8FE9}.Release|x86.Build.0 = Release|Win32
	EndGlobalSection
	GlobalSection(SolutionProperties) = preSolution
		HideSolutionNode = FALSE
	EndGlobalSection
	GlobalSection(ExtensibilityGlobals) = postSolution
		SolutionGuid = {BD63BC6C-8846-4BF0-8903-73A7B4CD3CFD}
	EndGlobalSection
EndGlobal
